
Microsoft Visual Studio Solution File, Format Version 12.00
# Visual Studio Version 17
VisualStudioVersion = 17.7.34024.191
MinimumVisualStudioVersion = 10.0.40219.1
Project("{FAE04EC0-301F-11D3-BF4B-00C04F79EFBC}") = "YouTube Downloader", "YouTube Downloader\YouTube Downloader.csproj", "{ED3ED3AC-ED23-45E1-96DB-BF1F4CAF68B5}"
EndProject
Global
	GlobalSection(SolutionConfigurationPlatforms) = preSolution
		Debug|Any CPU = Debug|Any CPU
		Release|Any CPU = Release|Any CPU
	EndGlobalSection
	GlobalSection(ProjectConfigurationPlatforms) = postSolution
		{ED3ED3AC-ED23-45E1-96DB-BF1F4CAF68B5}.Debug|Any CPU.ActiveCfg = Debug|Any CPU
		{ED3ED3AC-ED23-45E1-96DB-BF1F4CAF68B5}.Debug|Any CPU.Build.0 = Debug|Any CPU
		{ED3ED3AC-ED23-45E1-96DB-BF1F4CAF68B5}.Release|Any CPU.ActiveCfg = Release|Any CPU
		{ED3ED3AC-ED23-45E1-96DB-BF1F4CAF68B5}.Release|Any CPU.Build.0 = Release|Any CPU
	EndGlobalSection
	GlobalSection(SolutionProperties) = preSolution
		HideSolutionNode = FALSE
	EndGlobalSection
	GlobalSection(ExtensibilityGlobals) = postSolution
		SolutionGuid = {377E56E4-B7BA-4FC8-A213-8ABCF2567749}
	EndGlobalSection
EndGlobal
